github.com/Harsh00067/dog v0.0.0-20250624102348-99842239dc3d h1:2dO38fMjdk9x/TaNKzlRPb5SNQhBMba9sM2Csqjx/5c=
github.com/Harsh00067/dog v0.0.0-20250624102348-99842239dc3d/go.mod h1:dEez61+UoOjF4JV2P9pORLHVt15AGmKk3HBUpeHAJJU=
github.com/Harsh00067/dog v0.0.0-20250624104057-7634a1b40109 h1:kOUZPbJtf+OMz4gcY3HTLkSi2poZ1tHoBaYIG9BxGfI=
github.com/Harsh00067/dog v0.0.0-20250624104057-7634a1b40109/go.mod h1:lR/jhPiD69t7z/VoY3TF0edryuj1bP0FHiiNJk6toQI=
